
Microsoft Visual Studio Solution File, Format Version 12.00
# Visual Studio Version 16
VisualStudioVersion = 16.0.29503.13
MinimumVisualStudioVersion = 10.0.40219.1
Project("{FAE04EC0-301F-11D3-BF4B-00C04F79EFBC}") = "admin", "admin\admin.csproj", "{5420D068-7F89-4376-A20B-ADABB003F6AD}"
EndProject
Global
	GlobalSection(SolutionConfigurationPlatforms) = preSolution
		Debug|Any CPU = Debug|Any CPU
		Release|Any CPU = Release|Any CPU
	EndGlobalSection
	GlobalSection(ProjectConfigurationPlatforms) = postSolution
		{5420D068-7F89-4376-A20B-ADABB003F6AD}.Debug|Any CPU.ActiveCfg = Debug|Any CPU
		{5420D068-7F89-4376-A20B-ADABB003F6AD}.Debug|Any CPU.Build.0 = Debug|Any CPU
		{5420D068-7F89-4376-A20B-ADABB003F6AD}.Release|Any CPU.ActiveCfg = Release|Any CPU
		{5420D068-7F89-4376-A20B-ADABB003F6AD}.Release|Any CPU.Build.0 = Release|Any CPU
	EndGlobalSection
	GlobalSection(SolutionProperties) = preSolution
		HideSolutionNode = FALSE
	EndGlobalSection
	GlobalSection(ExtensibilityGlobals) = postSolution
		SolutionGuid = {FC169F3A-8D5C-485A-966B-C4CDB2B0C7D7}
	EndGlobalSection
EndGlobal
